lockfileVersion: '9.0'

settings:
  autoInstallPeers: true
  excludeLinksFromLockfile: false

importers:

  .:
    dependencies:
      csv-parse:
        specifier: ^7.0.1
        version: 7.0.1
      js-yaml:
        specifier: ^5.2.2
        version: 5.2.2
      marked:
        specifier: ^18.0.7
        version: 18.0.7
    devDependencies:
      exiftool-vendored:
        specifier: ^37.0.0
        version: 37.0.0

packages:

  '@photostructure/tz-lookup@11.6.0':
    resolution: {integrity: sha512-AHXaBp/bY9nd2pyGi7ldtzXYEZ3ARf7p4EG0XsizmmCxLYMbq+yITj7Z1etO29BiA3YW7aqrcrfToDcBD0grbA==}

  '@types/luxon@3.7.2':
    resolution: {integrity: sha512-gW+Oib+vUtGJBtNC8V9Reww0oIpusw+4m81uncg9REGZAJfqOQHfo/nkabnc7w0QReXyPqjrbWMJk6NuAkiX3Q==}

  argparse@2.0.1:
    resolution: {integrity: sha512-8+9WqebbFzpX9OR+Wa6O29asIogeRMzcGtAINdpMHHyAg10f05aSFVBbcEqGf/PXw1EjAZ+q2/bEBg3DvurK3Q==}

  batch-cluster@18.0.0:
    resolution: {integrity: sha512-bfcmPuxW4i+GRTt4ypEIvzJm+rR08owweJrY5FWQPpM/mP9WJA5ClvYJGZxoSE03fIX34xgzSUHIcbcTU1Zj/A==}
    engines: {node: '>=22'}

  csv-parse@7.0.1:
    resolution: {integrity: sha512-+2z7Ar0APQ7Uu6fX4cn+pitRmxjZ1WPBcGmZFKmA74FCyi7Et/XZx8cjNQ5CjbZ4HCOxXCOpRBYvYH08Qa003A==}

  exiftool-vendored.exe@13.59.0:
    resolution: {integrity: sha512-d+Glvl77sKAt3ybMyE2o9eLMtublnZIlii7QGFej5CwcPwvq9v440CmKnLvufzdUV3RGXU1q1/rZepONUNXJIQ==}
    os: [win32]

  exiftool-vendored.pl@13.59.0:
    resolution: {integrity: sha512-6YlBpi4pcfSmIYcsied6g4+XlDe7KSKMf5WPsLBpUCiD5PyO2fd1v/Ob37VZDj36+9XCRnXY98fqVfCfNIq8ug==}
    os: ['!win32']
    hasBin: true

  exiftool-vendored@37.0.0:
    resolution: {integrity: sha512-zVgPQN/w7bGTpBIzCo/RvlmJVY/aasozFX2vpTSLWBvyFKKDDYYg72al7uNa+DtUaCJqG/B33KdZxj4HWYzF4A==}
    engines: {node: '>=22'}

  he@1.2.0:
    resolution: {integrity: sha512-F/1DnUGPopORZi0ni+CvrCgHQ5FyEAHRLSApuYWMmrbSwoN2Mn/7k+Gl38gJnR7yyDZk6WLXwiGod1JOWNDKGw==}
    hasBin: true

  js-yaml@5.2.2:
    resolution: {integrity: sha512-dayzUzKkJ1MkuUtZglSebU43utNXH0OWQByK9rKOOuYIO8M5TV1y+n8ALMdG0rdzBnfNkOmZEqrURepb0ejqBw==}
    hasBin: true

  luxon@3.7.2:
    resolution: {integrity: sha512-vtEhXh/gNjI9Yg1u4jX/0YVPMvxzHuGgCm6tC5kZyb08yjGWGnqAjGJvcXbqQR2P3MyMEFnRbpcdFS6PBcLqew==}
    engines: {node: '>=12'}

  marked@18.0.7:
    resolution: {integrity: sha512-iDVQ5ldaiKXn6b2JroX5kgRfmwgqolW7NpaEzTl1k/2Zh1njIEN9yniyLV/mOvWwtsE8OGgkjsCYvijuPk1dtA==}
    engines: {node: '>= 20'}
    hasBin: true

snapshots:

  '@photostructure/tz-lookup@11.6.0': {}

  '@types/luxon@3.7.2': {}

  argparse@2.0.1: {}

  batch-cluster@18.0.0: {}

  csv-parse@7.0.1: {}

  exiftool-vendored.exe@13.59.0:
    optional: true

  exiftool-vendored.pl@13.59.0:
    optional: true

  exiftool-vendored@37.0.0:
    dependencies:
      '@photostructure/tz-lookup': 11.6.0
      '@types/luxon': 3.7.2
      batch-cluster: 18.0.0
      he: 1.2.0
      luxon: 3.7.2
    optionalDependencies:
      exiftool-vendored.exe: 13.59.0
      exiftool-vendored.pl: 13.59.0

  he@1.2.0: {}

  js-yaml@5.2.2:
    dependencies:
      argparse: 2.0.1

  luxon@3.7.2: {}

  marked@18.0.7: {}
